
Microsoft Visual Studio Solution File, Format Version 12.00
# Visual Studio 15
VisualStudioVersion = 15.0.26430.15
MinimumVisualStudioVersion = 10.0.40219.1
Project("{FAE04EC0-301F-11D3-BF4B-00C04F79EFBC}") = "ProductsApp", "ProductsApp\ProductsApp.csproj", "{4D75CCA4-B602-4F7B-8A70-E93558104361}"
EndProject
Global
	GlobalSection(SolutionConfigurationPlatforms) = preSolution
		Debug|Any CPU = Debug|Any CPU
		Release|Any CPU = Release|Any CPU
	EndGlobalSection
	GlobalSection(ProjectConfigurationPlatforms) = postSolution
		{4D75CCA4-B602-4F7B-8A70-E93558104361}.Debug|Any CPU.ActiveCfg = Debug|Any CPU
		{4D75CCA4-B602-4F7B-8A70-E93558104361}.Debug|Any CPU.Build.0 = Debug|Any CPU
		{4D75CCA4-B602-4F7B-8A70-E93558104361}.Release|Any CPU.ActiveCfg = Release|Any CPU
		{4D75CCA4-B602-4F7B-8A70-E93558104361}.Release|Any CPU.Build.0 = Release|Any CPU
	EndGlobalSection
	GlobalSection(SolutionProperties) = preSolution
		HideSolutionNode = FALSE
	EndGlobalSection
EndGlobal
